{
  "pins" : [
    {
      "identity" : "apptics-sp",
      "kind" : "remoteSourceControl",
      "location" : "https://github.com/zoho/apptics-SP.git",
      "state" : {
        "revision" : "d50b6acc9ac0501f8cbc372eb4e3dea1a0a48c1d",
        "version" : "2.0.607"
      }
    }
  ],
  "version" : 2
}
