{
  "pins" : [
    {
      "identity" : "apptics-sp",
      "kind" : "remoteSourceControl",
      "location" : "https://github.com/zoho/apptics-SP.git",
      "state" : {
        "revision" : "84044ee8c29a744ce35d2d85840452210d274c97",
        "version" : "2.1.3"
      }
    }
  ],
  "version" : 2
}
