{
  "pins" : [
    {
      "identity" : "apptics-sp",
      "kind" : "remoteSourceControl",
      "location" : "https://github.com/zoho/apptics-SP.git",
      "state" : {
        "revision" : "114b43a19f27af99db8e1ad02b888fa15f3d6e97",
        "version" : "2.0.501"
      }
    }
  ],
  "version" : 2
}
